// !$*UTF8*$!
{
	archiveVersion = 1;
	classes = {
	};
	objectVersion = 46;
	objects = {

/* Begin PBXBuildFile section */
		0D3F604218EC63A0005B0691 /* Foundation.framework in Frameworks */ = {isa = PBXBuildFile; fileRef = 0D3F604118EC63A0005B0691 /* Foundation.framework */; };
		0D3F604418EC63A0005B0691 /* CoreGraphics.framework in Frameworks */ = {isa = PBXBuildFile; fileRef = 0D3F604318EC63A0005B0691 /* CoreGraphics.framework */; };
		0D3F604618EC63A0005B0691 /* UIKit.framework in Frameworks */ = {isa = PBXBuildFile; fileRef = 0D3F604518EC63A0005B0691 /* UIKit.framework */; };
		0D3F604C18EC63A0005B0691 /* InfoPlist.strings in Resources */ = {isa = PBXBuildFile; fileRef = 0D3F604A18EC63A0005B0691 /* InfoPlist.strings */; };
		0D3F604E18EC63A0005B0691 /* main.m in Sources */ = {isa = PBXBuildFile; fileRef = 0D3F604D18EC63A0005B0691 /* main.m */; };
		0D3F605218EC63A0005B0691 /* OCAppDelegate.m in Sources */ = {isa = PBXBuildFile; fileRef = 0D3F605118EC63A0005B0691 /* OCAppDelegate.m */; };
		0D3F605518EC63A0005B0691 /* Main.storyboard in Resources */ = {isa = PBXBuildFile; fileRef = 0D3F605318EC63A0005B0691 /* Main.storyboard */; };
		0D3F605818EC63A0005B0691 /* OCViewController.m in Sources */ = {isa = PBXBuildFile; fileRef = 0D3F605718EC63A0005B0691 /* OCViewController.m */; };
		0D3F605A18EC63A0005B0691 /* Images.xcassets in Resources */ = {isa = PBXBuildFile; fileRef = 0D3F605918EC63A0005B0691 /* Images.xcassets */; };
		0D3F606118EC63A0005B0691 /* XCTest.framework in Frameworks */ = {isa = PBXBuildFile; fileRef = 0D3F606018EC63A0005B0691 /* XCTest.framework */; };
		0D3F606218EC63A0005B0691 /* Foundation.framework in Frameworks */ = {isa = PBXBuildFile; fileRef = 0D3F604118EC63A0005B0691 /* Foundation.framework */; };
		0D3F606318EC63A0005B0691 /* UIKit.framework in Frameworks */ = {isa = PBXBuildFile; fileRef = 0D3F604518EC63A0005B0691 /* UIKit.framework */; };
		0D3F606B18EC63A0005B0691 /* InfoPlist.strings in Resources */ = {isa = PBXBuildFile; fileRef = 0D3F606918EC63A0005B0691 /* InfoPlist.strings */; };
		0D3F606D18EC63A0005B0691 /* OpenCommonTests.m in Sources */ = {isa = PBXBuildFile; fileRef = 0D3F606C18EC63A0005B0691 /* OpenCommonTests.m */; };
		0D3F607818EC63F1005B0691 /* ACCommon.m in Sources */ = {isa = PBXBuildFile; fileRef = 0D3F607718EC63F1005B0691 /* ACCommon.m */; };
		0D3F607C18EC6500005B0691 /* CMDebugLog.m in Sources */ = {isa = PBXBuildFile; fileRef = 0D3F607B18EC6500005B0691 /* CMDebugLog.m */; };
		0D3F607F18EC660A005B0691 /* CMDevice.m in Sources */ = {isa = PBXBuildFile; fileRef = 0D3F607E18EC660A005B0691 /* CMDevice.m */; };
		0DCA180D18EDA0D7000E9948 /* CMPinYin.m in Sources */ = {isa = PBXBuildFile; fileRef = 0DCA180C18EDA0D7000E9948 /* CMPinYin.m */; };
		0DCA181118EDAA8B000E9948 /* CMOpenUDID.m in Sources */ = {isa = PBXBuildFile; fileRef = 0DCA181018EDAA8B000E9948 /* CMOpenUDID.m */; };
		0DCA181718EDAF68000E9948 /* UIDevice+Common.m in Sources */ = {isa = PBXBuildFile; fileRef = 0DCA181618EDAF68000E9948 /* UIDevice+Common.m */; };
		0DCA181A18EDAF7E000E9948 /* NSData+Common.m in Sources */ = {isa = PBXBuildFile; fileRef = 0DCA181918EDAF7E000E9948 /* NSData+Common.m */; };
		0DCA181D18EDAF96000E9948 /* NSDate+Common.m in Sources */ = {isa = PBXBuildFile; fileRef = 0DCA181C18EDAF96000E9948 /* NSDate+Common.m */; };
		C081F10418FCC6DB00811775 /* NSRegularExpression+Verification.m in Sources */ = {isa = PBXBuildFile; fileRef = C081F10318FCC6DB00811775 /* NSRegularExpression+Verification.m */; };
		C081F10718FCD3A100811775 /* CMUncaughtExceptionHandler.m in Sources */ = {isa = PBXBuildFile; fileRef = C081F10618FCD3A100811775 /* CMUncaughtExceptionHandler.m */; };
		C0CEDAAD18FBBA6A00B91B1F /* UIView+ViewGeometry.m in Sources */ = {isa = PBXBuildFile; fileRef = C0CEDAAC18FBBA6A00B91B1F /* UIView+ViewGeometry.m */; };
		C0F79F0418F7DD18002F328F /* KeychainItemWrapper.m in Sources */ = {isa = PBXBuildFile; fileRef = C0F79F0318F7DD18002F328F /* KeychainItemWrapper.m */; };
/* End PBXBuildFile section */

/* Begin PBXContainerItemProxy section */
		0D3F606418EC63A0005B0691 /* PBXContainerItemProxy */ = {
			isa = PBXContainerItemProxy;
			containerPortal = 0D3F603618EC63A0005B0691 /* Project object */;
			proxyType = 1;
			remoteGlobalIDString = 0D3F603D18EC63A0005B0691;
			remoteInfo = OpenCommon;
		};
/* End PBXContainerItemProxy section */

/* Begin PBXFileReference section */
		0D3F603E18EC63A0005B0691 /* OpenCommon.app */ = {isa = PBXFileReference; explicitFileType = wrapper.application; includeInIndex = 0; path = OpenCommon.app; sourceTree = BUILT_PRODUCTS_DIR; };
		0D3F604118EC63A0005B0691 /* Foundation.framework */ = {isa = PBXFileReference; lastKnownFileType = wrapper.framework; name = Foundation.framework; path = System/Library/Frameworks/Foundation.framework; sourceTree = SDKROOT; };
		0D3F604318EC63A0005B0691 /* CoreGraphics.framework */ = {isa = PBXFileReference; lastKnownFileType = wrapper.framework; name = CoreGraphics.framework; path = System/Library/Frameworks/CoreGraphics.framework; sourceTree = SDKROOT; };
		0D3F604518EC63A0005B0691 /* UIKit.framework */ = {isa = PBXFileReference; lastKnownFileType = wrapper.framework; name = UIKit.framework; path = System/Library/Frameworks/UIKit.framework; sourceTree = SDKROOT; };
		0D3F604918EC63A0005B0691 /* OpenCommon-Info.plist */ = {isa = PBXFileReference; lastKnownFileType = text.plist.xml; path = "OpenCommon-Info.plist"; sourceTree = "<group>"; };
		0D3F604B18EC63A0005B0691 /* en */ = {isa = PBXFileReference; lastKnownFileType = text.plist.strings; name = en; path = en.lproj/InfoPlist.strings; sourceTree = "<group>"; };
		0D3F604D18EC63A0005B0691 /* main.m */ = {isa = PBXFileReference; lastKnownFileType = sourcecode.c.objc; path = main.m; sourceTree = "<group>"; };
		0D3F604F18EC63A0005B0691 /* OpenCommon-Prefix.pch */ = {isa = PBXFileReference; lastKnownFileType = sourcecode.c.h; path = "OpenCommon-Prefix.pch"; sourceTree = "<group>"; };
		0D3F605018EC63A0005B0691 /* OCAppDelegate.h */ = {isa = PBXFileReference; lastKnownFileType = sourcecode.c.h; path = OCAppDelegate.h; sourceTree = "<group>"; };
		0D3F605118EC63A0005B0691 /* OCAppDelegate.m */ = {isa = PBXFileReference; lastKnownFileType = sourcecode.c.objc; path = OCAppDelegate.m; sourceTree = "<group>"; };
		0D3F605418EC63A0005B0691 /* Base */ = {isa = PBXFileReference; lastKnownFileType = file.storyboard; name = Base; path = Base.lproj/Main.storyboard; sourceTree = "<group>"; };
		0D3F605618EC63A0005B0691 /* OCViewController.h */ = {isa = PBXFileReference; lastKnownFileType = sourcecode.c.h; path = OCViewController.h; sourceTree = "<group>"; };
		0D3F605718EC63A0005B0691 /* OCViewController.m */ = {isa = PBXFileReference; lastKnownFileType = sourcecode.c.objc; path = OCViewController.m; sourceTree = "<group>"; };
		0D3F605918EC63A0005B0691 /* Images.xcassets */ = {isa = PBXFileReference; lastKnownFileType = folder.assetcatalog; path = Images.xcassets; sourceTree = "<group>"; };
		0D3F605F18EC63A0005B0691 /* OpenCommonTests.xctest */ = {isa = PBXFileReference; explicitFileType = wrapper.cfbundle; includeInIndex = 0; path = OpenCommonTests.xctest; sourceTree = BUILT_PRODUCTS_DIR; };
		0D3F606018EC63A0005B0691 /* XCTest.framework */ = {isa = PBXFileReference; lastKnownFileType = wrapper.framework; name = XCTest.framework; path = Library/Frameworks/XCTest.framework; sourceTree = DEVELOPER_DIR; };
		0D3F606818EC63A0005B0691 /* OpenCommonTests-Info.plist */ = {isa = PBXFileReference; lastKnownFileType = text.plist.xml; path = "OpenCommonTests-Info.plist"; sourceTree = "<group>"; };
		0D3F606A18EC63A0005B0691 /* en */ = {isa = PBXFileReference; lastKnownFileType = text.plist.strings; name = en; path = en.lproj/InfoPlist.strings; sourceTree = "<group>"; };
		0D3F606C18EC63A0005B0691 /* OpenCommonTests.m */ = {isa = PBXFileReference; lastKnownFileType = sourcecode.c.objc; path = OpenCommonTests.m; sourceTree = "<group>"; };
		0D3F607618EC63F1005B0691 /* ACCommon.h */ = {isa = PBXFileReference; fileEncoding = 4; lastKnownFileType = sourcecode.c.h; path = ACCommon.h; sourceTree = "<group>"; };
		0D3F607718EC63F1005B0691 /* ACCommon.m */ = {isa = PBXFileReference; fileEncoding = 4; lastKnownFileType = sourcecode.c.objc; path = ACCommon.m; sourceTree = "<group>"; };
		0D3F607A18EC6500005B0691 /* CMDebugLog.h */ = {isa = PBXFileReference; fileEncoding = 4; lastKnownFileType = sourcecode.c.h; path = CMDebugLog.h; sourceTree = "<group>"; };
		0D3F607B18EC6500005B0691 /* CMDebugLog.m */ = {isa = PBXFileReference; fileEncoding = 4; lastKnownFileType = sourcecode.c.objc; path = CMDebugLog.m; sourceTree = "<group>"; };
		0D3F607D18EC660A005B0691 /* CMDevice.h */ = {isa = PBXFileReference; fileEncoding = 4; lastKnownFileType = sourcecode.c.h; path = CMDevice.h; sourceTree = "<group>"; };
		0D3F607E18EC660A005B0691 /* CMDevice.m */ = {isa = PBXFileReference; fileEncoding = 4; lastKnownFileType = sourcecode.c.objc; path = CMDevice.m; sourceTree = "<group>"; };
		0DCA180B18EDA0D7000E9948 /* CMPinYin.h */ = {isa = PBXFileReference; fileEncoding = 4; lastKnownFileType = sourcecode.c.h; path = CMPinYin.h; sourceTree = "<group>"; };
		0DCA180C18EDA0D7000E9948 /* CMPinYin.m */ = {isa = PBXFileReference; fileEncoding = 4; lastKnownFileType = sourcecode.c.objc; path = CMPinYin.m; sourceTree = "<group>"; };
		0DCA180E18EDA220000E9948 /* CMPinYin_C.h */ = {isa = PBXFileReference; lastKnownFileType = sourcecode.c.h; path = CMPinYin_C.h; sourceTree = "<group>"; };
		0DCA180F18EDAA8B000E9948 /* CMOpenUDID.h */ = {isa = PBXFileReference; fileEncoding = 4; lastKnownFileType = sourcecode.c.h; path = CMOpenUDID.h; sourceTree = "<group>"; };
		0DCA181018EDAA8B000E9948 /* CMOpenUDID.m */ = {isa = PBXFileReference; fileEncoding = 4; lastKnownFileType = sourcecode.c.objc; path = CMOpenUDID.m; sourceTree = "<group>"; };
		0DCA181518EDAF68000E9948 /* UIDevice+Common.h */ = {isa = PBXFileReference; fileEncoding = 4; lastKnownFileType = sourcecode.c.h; path = "UIDevice+Common.h"; sourceTree = "<group>"; };
		0DCA181618EDAF68000E9948 /* UIDevice+Common.m */ = {isa = PBXFileReference; fileEncoding = 4; lastKnownFileType = sourcecode.c.objc; path = "UIDevice+Common.m"; sourceTree = "<group>"; };
		0DCA181818EDAF7E000E9948 /* NSData+Common.h */ = {isa = PBXFileReference; fileEncoding = 4; lastKnownFileType = sourcecode.c.h; path = "NSData+Common.h"; sourceTree = "<group>"; };
		0DCA181918EDAF7E000E9948 /* NSData+Common.m */ = {isa = PBXFileReference; fileEncoding = 4; lastKnownFileType = sourcecode.c.objc; path = "NSData+Common.m"; sourceTree = "<group>"; };
		0DCA181B18EDAF96000E9948 /* NSDate+Common.h */ = {isa = PBXFileReference; fileEncoding = 4; lastKnownFileType = sourcecode.c.h; path = "NSDate+Common.h"; sourceTree = "<group>"; };
		0DCA181C18EDAF96000E9948 /* NSDate+Common.m */ = {isa = PBXFileReference; fileEncoding = 4; lastKnownFileType = sourcecode.c.objc; path = "NSDate+Common.m"; sourceTree = "<group>"; };
		C081F10218FCC6DB00811775 /* NSRegularExpression+Verification.h */ = {isa = PBXFileReference; fileEncoding = 4; lastKnownFileType = sourcecode.c.h; path = "NSRegularExpression+Verification.h"; sourceTree = "<group>"; };
		C081F10318FCC6DB00811775 /* NSRegularExpression+Verification.m */ = {isa = PBXFileReference; fileEncoding = 4; lastKnownFileType = sourcecode.c.objc; path = "NSRegularExpression+Verification.m"; sourceTree = "<group>"; };
		C081F10518FCD3A100811775 /* CMUncaughtExceptionHandler.h */ = {isa = PBXFileReference; fileEncoding = 4; lastKnownFileType = sourcecode.c.h; name = CMUncaughtExceptionHandler.h; path = OpenCommon/CMUncaughtExceptionHandler.h; sourceTree = "<group>"; };
		C081F10618FCD3A100811775 /* CMUncaughtExceptionHandler.m */ = {isa = PBXFileReference; fileEncoding = 4; lastKnownFileType = sourcecode.c.objc; name = CMUncaughtExceptionHandler.m; path = OpenCommon/CMUncaughtExceptionHandler.m; sourceTree = "<group>"; };
		C0CEDAAB18FBBA6A00B91B1F /* UIView+ViewGeometry.h */ = {isa = PBXFileReference; fileEncoding = 4; lastKnownFileType = sourcecode.c.h; path = "UIView+ViewGeometry.h"; sourceTree = "<group>"; };
		C0CEDAAC18FBBA6A00B91B1F /* UIView+ViewGeometry.m */ = {isa = PBXFileReference; fileEncoding = 4; lastKnownFileType = sourcecode.c.objc; path = "UIView+ViewGeometry.m"; sourceTree = "<group>"; };
		C0F79F0218F7DD18002F328F /* KeychainItemWrapper.h */ = {isa = PBXFileReference; fileEncoding = 4; lastKnownFileType = sourcecode.c.h; path = KeychainItemWrapper.h; sourceTree = "<group>"; };
		C0F79F0318F7DD18002F328F /* KeychainItemWrapper.m */ = {isa = PBXFileReference; fileEncoding = 4; lastKnownFileType = sourcecode.c.objc; path = KeychainItemWrapper.m; sourceTree = "<group>"; };
/* End PBXFileReference section */

/* Begin PBXFrameworksBuildPhase section */
		0D3F603B18EC63A0005B0691 /* Frameworks */ = {
			isa = PBXFrameworksBuildPhase;
			buildActionMask = 2147483647;
			files = (
				0D3F604418EC63A0005B0691 /* CoreGraphics.framework in Frameworks */,
				0D3F604618EC63A0005B0691 /* UIKit.framework in Frameworks */,
				0D3F604218EC63A0005B0691 /* Foundation.framework in Frameworks */,
			);
			runOnlyForDeploymentPostprocessing = 0;
		};
		0D3F605C18EC63A0005B0691 /* Frameworks */ = {
			isa = PBXFrameworksBuildPhase;
			buildActionMask = 2147483647;
			files = (
				0D3F606118EC63A0005B0691 /* XCTest.framework in Frameworks */,
				0D3F606318EC63A0005B0691 /* UIKit.framework in Frameworks */,
				0D3F606218EC63A0005B0691 /* Foundation.framework in Frameworks */,
			);
			runOnlyForDeploymentPostprocessing = 0;
		};
/* End PBXFrameworksBuildPhase section */

/* Begin PBXGroup section */
		0D3F603518EC63A0005B0691 = {
			isa = PBXGroup;
			children = (
				0D3F607918EC642B005B0691 /* ACCommon */,
				0D3F604718EC63A0005B0691 /* OpenCommon */,
				0D3F606618EC63A0005B0691 /* OpenCommonTests */,
				0D3F604018EC63A0005B0691 /* Frameworks */,
				0D3F603F18EC63A0005B0691 /* Products */,
			);
			sourceTree = "<group>";
		};
		0D3F603F18EC63A0005B0691 /* Products */ = {
			isa = PBXGroup;
			children = (
				0D3F603E18EC63A0005B0691 /* OpenCommon.app */,
				0D3F605F18EC63A0005B0691 /* OpenCommonTests.xctest */,
			);
			name = Products;
			sourceTree = "<group>";
		};
		0D3F604018EC63A0005B0691 /* Frameworks */ = {
			isa = PBXGroup;
			children = (
				0D3F604118EC63A0005B0691 /* Foundation.framework */,
				0D3F604318EC63A0005B0691 /* CoreGraphics.framework */,
				0D3F604518EC63A0005B0691 /* UIKit.framework */,
				0D3F606018EC63A0005B0691 /* XCTest.framework */,
			);
			name = Frameworks;
			sourceTree = "<group>";
		};
		0D3F604718EC63A0005B0691 /* OpenCommon */ = {
			isa = PBXGroup;
			children = (
				0D3F605018EC63A0005B0691 /* OCAppDelegate.h */,
				0D3F605118EC63A0005B0691 /* OCAppDelegate.m */,
				0D3F605318EC63A0005B0691 /* Main.storyboard */,
				0D3F605618EC63A0005B0691 /* OCViewController.h */,
				0D3F605718EC63A0005B0691 /* OCViewController.m */,
				0D3F605918EC63A0005B0691 /* Images.xcassets */,
				0D3F604818EC63A0005B0691 /* Supporting Files */,
			);
			path = OpenCommon;
			sourceTree = "<group>";
		};
		0D3F604818EC63A0005B0691 /* Supporting Files */ = {
			isa = PBXGroup;
			children = (
				0D3F604918EC63A0005B0691 /* OpenCommon-Info.plist */,
				0D3F604A18EC63A0005B0691 /* InfoPlist.strings */,
				0D3F604D18EC63A0005B0691 /* main.m */,
				0D3F604F18EC63A0005B0691 /* OpenCommon-Prefix.pch */,
			);
			name = "Supporting Files";
			sourceTree = "<group>";
		};
		0D3F606618EC63A0005B0691 /* OpenCommonTests */ = {
			isa = PBXGroup;
			children = (
				0D3F606C18EC63A0005B0691 /* OpenCommonTests.m */,
				0D3F606718EC63A0005B0691 /* Supporting Files */,
			);
			path = OpenCommonTests;
			sourceTree = "<group>";
		};
		0D3F606718EC63A0005B0691 /* Supporting Files */ = {
			isa = PBXGroup;
			children = (
				0D3F606818EC63A0005B0691 /* OpenCommonTests-Info.plist */,
				0D3F606918EC63A0005B0691 /* InfoPlist.strings */,
			);
			name = "Supporting Files";
			sourceTree = "<group>";
		};
		0D3F607918EC642B005B0691 /* ACCommon */ = {
			isa = PBXGroup;
			children = (
				C081F10518FCD3A100811775 /* CMUncaughtExceptionHandler.h */,
				C081F10618FCD3A100811775 /* CMUncaughtExceptionHandler.m */,
				C0F79F0218F7DD18002F328F /* KeychainItemWrapper.h */,
				C0F79F0318F7DD18002F328F /* KeychainItemWrapper.m */,
				0D3F607618EC63F1005B0691 /* ACCommon.h */,
				0D3F607718EC63F1005B0691 /* ACCommon.m */,
				0D3F607A18EC6500005B0691 /* CMDebugLog.h */,
				0D3F607B18EC6500005B0691 /* CMDebugLog.m */,
				0D3F607D18EC660A005B0691 /* CMDevice.h */,
				0D3F607E18EC660A005B0691 /* CMDevice.m */,
				0DCA180B18EDA0D7000E9948 /* CMPinYin.h */,
				0DCA180C18EDA0D7000E9948 /* CMPinYin.m */,
				0DCA180E18EDA220000E9948 /* CMPinYin_C.h */,
				0DCA180F18EDAA8B000E9948 /* CMOpenUDID.h */,
				0DCA181018EDAA8B000E9948 /* CMOpenUDID.m */,
				0DCA181518EDAF68000E9948 /* UIDevice+Common.h */,
				0DCA181618EDAF68000E9948 /* UIDevice+Common.m */,
				0DCA181818EDAF7E000E9948 /* NSData+Common.h */,
				0DCA181918EDAF7E000E9948 /* NSData+Common.m */,
				0DCA181B18EDAF96000E9948 /* NSDate+Common.h */,
				0DCA181C18EDAF96000E9948 /* NSDate+Common.m */,
				C0CEDAAB18FBBA6A00B91B1F /* UIView+ViewGeometry.h */,
				C0CEDAAC18FBBA6A00B91B1F /* UIView+ViewGeometry.m */,
				C081F10218FCC6DB00811775 /* NSRegularExpression+Verification.h */,
				C081F10318FCC6DB00811775 /* NSRegularExpression+Verification.m */,
			);
			name = ACCommon;
			sourceTree = "<group>";
		};
/* End PBXGroup section */

/* Begin PBXNativeTarget section */
		0D3F603D18EC63A0005B0691 /* OpenCommon */ = {
			isa = PBXNativeTarget;
			buildConfigurationList = 0D3F607018EC63A0005B0691 /* Build configuration list for PBXNativeTarget "OpenCommon" */;
			buildPhases = (
				0D3F603A18EC63A0005B0691 /* Sources */,
				0D3F603B18EC63A0005B0691 /* Frameworks */,
				0D3F603C18EC63A0005B0691 /* Resources */,
			);
			buildRules = (
			);
			dependencies = (
			);
			name = OpenCommon;
			productName = OpenCommon;
			productReference = 0D3F603E18EC63A0005B0691 /* OpenCommon.app */;
			productType = "com.apple.product-type.application";
		};
		0D3F605E18EC63A0005B0691 /* OpenCommonTests */ = {
			isa = PBXNativeTarget;
			buildConfigurationList = 0D3F607318EC63A0005B0691 /* Build configuration list for PBXNativeTarget "OpenCommonTests" */;
			buildPhases = (
				0D3F605B18EC63A0005B0691 /* Sources */,
				0D3F605C18EC63A0005B0691 /* Frameworks */,
				0D3F605D18EC63A0005B0691 /* Resources */,
			);
			buildRules = (
			);
			dependencies = (
				0D3F606518EC63A0005B0691 /* PBXTargetDependency */,
			);
			name = OpenCommonTests;
			productName = OpenCommonTests;
			productReference = 0D3F605F18EC63A0005B0691 /* OpenCommonTests.xctest */;
			productType = "com.apple.product-type.bundle.unit-test";
		};
/* End PBXNativeTarget section */

/* Begin PBXProject section */
		0D3F603618EC63A0005B0691 /* Project object */ = {
			isa = PBXProject;
			attributes = {
				CLASSPREFIX = OC;
				LastUpgradeCheck = 0510;
				ORGANIZATIONNAME = NestTime;
				TargetAttributes = {
					0D3F603D18EC63A0005B0691 = {
						DevelopmentTeam = 5856T889NQ;
					};
					0D3F605E18EC63A0005B0691 = {
						TestTargetID = 0D3F603D18EC63A0005B0691;
					};
				};
			};
			buildConfigurationList = 0D3F603918EC63A0005B0691 /* Build configuration list for PBXProject "OpenCommon" */;
			compatibilityVersion = "Xcode 3.2";
			developmentRegion = English;
			hasScannedForEncodings = 0;
			knownRegions = (
				en,
				Base,
			);
			mainGroup = 0D3F603518EC63A0005B0691;
			productRefGroup = 0D3F603F18EC63A0005B0691 /* Products */;
			projectDirPath = "";
			projectRoot = "";
			targets = (
				0D3F603D18EC63A0005B0691 /* OpenCommon */,
				0D3F605E18EC63A0005B0691 /* OpenCommonTests */,
			);
		};
/* End PBXProject section */

/* Begin PBXResourcesBuildPhase section */
		0D3F603C18EC63A0005B0691 /* Resources */ = {
			isa = PBXResourcesBuildPhase;
			buildActionMask = 2147483647;
			files = (
				0D3F605A18EC63A0005B0691 /* Images.xcassets in Resources */,
				0D3F604C18EC63A0005B0691 /* InfoPlist.strings in Resources */,
				0D3F605518EC63A0005B0691 /* Main.storyboard in Resources */,
			);
			runOnlyForDeploymentPostprocessing = 0;
		};
		0D3F605D18EC63A0005B0691 /* Resources */ = {
			isa = PBXResourcesBuildPhase;
			buildActionMask = 2147483647;
			files = (
				0D3F606B18EC63A0005B0691 /* InfoPlist.strings in Resources */,
			);
			runOnlyForDeploymentPostprocessing = 0;
		};
/* End PBXResourcesBuildPhase section */

/* Begin PBXSourcesBuildPhase section */
		0D3F603A18EC63A0005B0691 /* Sources */ = {
			isa = PBXSourcesBuildPhase;
			buildActionMask = 2147483647;
			files = (
				0D3F605218EC63A0005B0691 /* OCAppDelegate.m in Sources */,
				0D3F607818EC63F1005B0691 /* ACCommon.m in Sources */,
				C081F10718FCD3A100811775 /* CMUncaughtExceptionHandler.m in Sources */,
				C081F10418FCC6DB00811775 /* NSRegularExpression+Verification.m in Sources */,
				C0CEDAAD18FBBA6A00B91B1F /* UIView+ViewGeometry.m in Sources */,
				0D3F607F18EC660A005B0691 /* CMDevice.m in Sources */,
				0DCA181A18EDAF7E000E9948 /* NSData+Common.m in Sources */,
				0D3F607C18EC6500005B0691 /* CMDebugLog.m in Sources */,
				0D3F604E18EC63A0005B0691 /* main.m in Sources */,
				0DCA181D18EDAF96000E9948 /* NSDate+Common.m in Sources */,
				0DCA181118EDAA8B000E9948 /* CMOpenUDID.m in Sources */,
				C0F79F0418F7DD18002F328F /* KeychainItemWrapper.m in Sources */,
				0D3F605818EC63A0005B0691 /* OCViewController.m in Sources */,
				0DCA180D18EDA0D7000E9948 /* CMPinYin.m in Sources */,
				0DCA181718EDAF68000E9948 /* UIDevice+Common.m in Sources */,
			);
			runOnlyForDeploymentPostprocessing = 0;
		};
		0D3F605B18EC63A0005B0691 /* Sources */ = {
			isa = PBXSourcesBuildPhase;
			buildActionMask = 2147483647;
			files = (
				0D3F606D18EC63A0005B0691 /* OpenCommonTests.m in Sources */,
			);
			runOnlyForDeploymentPostprocessing = 0;
		};
/* End PBXSourcesBuildPhase section */

/* Begin PBXTargetDependency section */
		0D3F606518EC63A0005B0691 /* PBXTargetDependency */ = {
			isa = PBXTargetDependency;
			target = 0D3F603D18EC63A0005B0691 /* OpenCommon */;
			targetProxy = 0D3F606418EC63A0005B0691 /* PBXContainerItemProxy */;
		};
/* End PBXTargetDependency section */

/* Begin PBXVariantGroup section */
		0D3F604A18EC63A0005B0691 /* InfoPlist.strings */ = {
			isa = PBXVariantGroup;
			children = (
				0D3F604B18EC63A0005B0691 /* en */,
			);
			name = InfoPlist.strings;
			sourceTree = "<group>";
		};
		0D3F605318EC63A0005B0691 /* Main.storyboard */ = {
			isa = PBXVariantGroup;
			children = (
				0D3F605418EC63A0005B0691 /* Base */,
			);
			name = Main.storyboard;
			sourceTree = "<group>";
		};
		0D3F606918EC63A0005B0691 /* InfoPlist.strings */ = {
			isa = PBXVariantGroup;
			children = (
				0D3F606A18EC63A0005B0691 /* en */,
			);
			name = InfoPlist.strings;
			sourceTree = "<group>";
		};
/* End PBXVariantGroup section */

/* Begin XCBuildConfiguration section */
		0D3F606E18EC63A0005B0691 /* Debug */ = {
			isa = XCBuildConfiguration;
			buildSettings = {
				ALWAYS_SEARCH_USER_PATHS = NO;
				CLANG_CXX_LANGUAGE_STANDARD = "gnu++0x";
				CLANG_CXX_LIBRARY = "libc++";
				CLANG_ENABLE_MODULES = YES;
				CLANG_ENABLE_OBJC_ARC = YES;
				CLANG_WARN_BOOL_CONVERSION = YES;
				CLANG_WARN_CONSTANT_CONVERSION = YES;
				CLANG_WARN_DIRECT_OBJC_ISA_USAGE = YES_ERROR;
				CLANG_WARN_EMPTY_BODY = YES;
				CLANG_WARN_ENUM_CONVERSION = YES;
				CLANG_WARN_INT_CONVERSION = YES;
				CLANG_WARN_OBJC_ROOT_CLASS = YES_ERROR;
				CLANG_WARN__DUPLICATE_METHOD_MATCH = YES;
				"CODE_SIGN_IDENTITY[sdk=iphoneos*]" = "iPhone Developer";
				COPY_PHASE_STRIP = NO;
				GCC_C_LANGUAGE_STANDARD = gnu99;
				GCC_DYNAMIC_NO_PIC = NO;
				GCC_OPTIMIZATION_LEVEL = 0;
				GCC_PREPROCESSOR_DEFINITIONS = (
					"DEBUG=1",
					"$(inherited)",
				);
				GCC_SYMBOLS_PRIVATE_EXTERN = NO;
				GCC_WARN_64_TO_32_BIT_CONVERSION = YES;
				GCC_WARN_ABOUT_RETURN_TYPE = YES_ERROR;
				GCC_WARN_UNDECLARED_SELECTOR = YES;
				GCC_WARN_UNINITIALIZED_AUTOS = YES_AGGRESSIVE;
				GCC_WARN_UNUSED_FUNCTION = YES;
				GCC_WARN_UNUSED_VARIABLE = YES;
				IPHONEOS_DEPLOYMENT_TARGET = 7.1;
				ONLY_ACTIVE_ARCH = YES;
				SDKROOT = iphoneos;
			};
			name = Debug;
		};
		0D3F606F18EC63A0005B0691 /* Release */ = {
			isa = XCBuildConfiguration;
			buildSettings = {
				ALWAYS_SEARCH_USER_PATHS = NO;
				CLANG_CXX_LANGUAGE_STANDARD = "gnu++0x";
				CLANG_CXX_LIBRARY = "libc++";
				CLANG_ENABLE_MODULES = YES;
				CLANG_ENABLE_OBJC_ARC = YES;
				CLANG_WARN_BOOL_CONVERSION = YES;
				CLANG_WARN_CONSTANT_CONVERSION = YES;
				CLANG_WARN_DIRECT_OBJC_ISA_USAGE = YES_ERROR;
				CLANG_WARN_EMPTY_BODY = YES;
				CLANG_WARN_ENUM_CONVERSION = YES;
				CLANG_WARN_INT_CONVERSION = YES;
				CLANG_WARN_OBJC_ROOT_CLASS = YES_ERROR;
				CLANG_WARN__DUPLICATE_METHOD_MATCH = YES;
				"CODE_SIGN_IDENTITY[sdk=iphoneos*]" = "iPhone Developer";
				COPY_PHASE_STRIP = YES;
				ENABLE_NS_ASSERTIONS = NO;
				GCC_C_LANGUAGE_STANDARD = gnu99;
				GCC_WARN_64_TO_32_BIT_CONVERSION = YES;
				GCC_WARN_ABOUT_RETURN_TYPE = YES_ERROR;
				GCC_WARN_UNDECLARED_SELECTOR = YES;
				GCC_WARN_UNINITIALIZED_AUTOS = YES_AGGRESSIVE;
				GCC_WARN_UNUSED_FUNCTION = YES;
				GCC_WARN_UNUSED_VARIABLE = YES;
				IPHONEOS_DEPLOYMENT_TARGET = 7.1;
				SDKROOT = iphoneos;
				VALIDATE_PRODUCT = YES;
			};
			name = Release;
		};
		0D3F607118EC63A0005B0691 /* Debug */ = {
			isa = XCBuildConfiguration;
			buildSettings = {
				ASSETCATALOG_COMPILER_APPICON_NAME = AppIcon;
				ASSETCATALOG_COMPILER_LAUNCHIMAGE_NAME = LaunchImage;
				CODE_SIGN_IDENTITY = "iPhone Developer";
				"CODE_SIGN_IDENTITY[sdk=iphoneos*]" = "iPhone Developer";
				GCC_PRECOMPILE_PREFIX_HEADER = YES;
				GCC_PREFIX_HEADER = "OpenCommon/OpenCommon-Prefix.pch";
				INFOPLIST_FILE = "OpenCommon/OpenCommon-Info.plist";
				IPHONEOS_DEPLOYMENT_TARGET = 6.0;
				PRODUCT_NAME = "$(TARGET_NAME)";
				PROVISIONING_PROFILE = "";
				WRAPPER_EXTENSION = app;
			};
			name = Debug;
		};
		0D3F607218EC63A0005B0691 /* Release */ = {
			isa = XCBuildConfiguration;
			buildSettings = {
				ASSETCATALOG_COMPILER_APPICON_NAME = AppIcon;
				ASSETCATALOG_COMPILER_LAUNCHIMAGE_NAME = LaunchImage;
				CODE_SIGN_IDENTITY = "iPhone Developer";
				"CODE_SIGN_IDENTITY[sdk=iphoneos*]" = "iPhone Developer";
				GCC_PRECOMPILE_PREFIX_HEADER = YES;
				GCC_PREFIX_HEADER = "OpenCommon/OpenCommon-Prefix.pch";
				INFOPLIST_FILE = "OpenCommon/OpenCommon-Info.plist";
				IPHONEOS_DEPLOYMENT_TARGET = 6.0;
				PRODUCT_NAME = "$(TARGET_NAME)";
				PROVISIONING_PROFILE = "";
				WRAPPER_EXTENSION = app;
			};
			name = Release;
		};
		0D3F607418EC63A0005B0691 /* Debug */ = {
			isa = XCBuildConfiguration;
			buildSettings = {
				BUNDLE_LOADER = "$(BUILT_PRODUCTS_DIR)/OpenCommon.app/OpenCommon";
				FRAMEWORK_SEARCH_PATHS = (
					"$(SDKROOT)/Developer/Library/Frameworks",
					"$(inherited)",
					"$(DEVELOPER_FRAMEWORKS_DIR)",
				);
				GCC_PRECOMPILE_PREFIX_HEADER = YES;
				GCC_PREFIX_HEADER = "OpenCommon/OpenCommon-Prefix.pch";
				GCC_PREPROCESSOR_DEFINITIONS = (
					"DEBUG=1",
					"$(inherited)",
				);
				INFOPLIST_FILE = "OpenCommonTests/OpenCommonTests-Info.plist";
				PRODUCT_NAME = "$(TARGET_NAME)";
				TEST_HOST = "$(BUNDLE_LOADER)";
				WRAPPER_EXTENSION = xctest;
			};
			name = Debug;
		};
		0D3F607518EC63A0005B0691 /* Release */ = {
			isa = XCBuildConfiguration;
			buildSettings = {
				BUNDLE_LOADER = "$(BUILT_PRODUCTS_DIR)/OpenCommon.app/OpenCommon";
				FRAMEWORK_SEARCH_PATHS = (
					"$(SDKROOT)/Developer/Library/Frameworks",
					"$(inherited)",
					"$(DEVELOPER_FRAMEWORKS_DIR)",
				);
				GCC_PRECOMPILE_PREFIX_HEADER = YES;
				GCC_PREFIX_HEADER = "OpenCommon/OpenCommon-Prefix.pch";
				INFOPLIST_FILE = "OpenCommonTests/OpenCommonTests-Info.plist";
				PRODUCT_NAME = "$(TARGET_NAME)";
				TEST_HOST = "$(BUNDLE_LOADER)";
				WRAPPER_EXTENSION = xctest;
			};
			name = Release;
		};
/* End XCBuildConfiguration section */

/* Begin XCConfigurationList section */
		0D3F603918EC63A0005B0691 /* Build configuration list for PBXProject "OpenCommon" */ = {
			isa = XCConfigurationList;
			buildConfigurations = (
				0D3F606E18EC63A0005B0691 /* Debug */,
				0D3F606F18EC63A0005B0691 /* Release */,
			);
			defaultConfigurationIsVisible = 0;
			defaultConfigurationName = Release;
		};
		0D3F607018EC63A0005B0691 /* Build configuration list for PBXNativeTarget "OpenCommon" */ = {
			isa = XCConfigurationList;
			buildConfigurations = (
				0D3F607118EC63A0005B0691 /* Debug */,
				0D3F607218EC63A0005B0691 /* Release */,
			);
			defaultConfigurationIsVisible = 0;
			defaultConfigurationName = Release;
		};
		0D3F607318EC63A0005B0691 /* Build configuration list for PBXNativeTarget "OpenCommonTests" */ = {
			isa = XCConfigurationList;
			buildConfigurations = (
				0D3F607418EC63A0005B0691 /* Debug */,
				0D3F607518EC63A0005B0691 /* Release */,
			);
			defaultConfigurationIsVisible = 0;
			defaultConfigurationName = Release;
		};
/* End XCConfigurationList section */
	};
	rootObject = 0D3F603618EC63A0005B0691 /* Project object */;
}
